
Microsoft Visual Studio Solution File, Format Version 12.00
# Visual Studio Version 16
VisualStudioVersion = 16.0.31005.135
MinimumVisualStudioVersion = 10.0.40219.1
Project("{FAE04EC0-301F-11D3-BF4B-00C04F79EFBC}") = "MathLibrary", "MathLibrary\MathLibrary.csproj", "{B4E06B2B-57DE-4A09-B0AC-104F6F256CB8}"
EndProject
Global
	GlobalSection(SolutionConfigurationPlatforms) = preSolution
		Debug|Any CPU = Debug|Any CPU
		Release|Any CPU = Release|Any CPU
	EndGlobalSection
	GlobalSection(ProjectConfigurationPlatforms) = postSolution
		{B4E06B2B-57DE-4A09-B0AC-104F6F256CB8}.Debug|Any CPU.ActiveCfg = Debug|Any CPU
		{B4E06B2B-57DE-4A09-B0AC-104F6F256CB8}.Debug|Any CPU.Build.0 = Debug|Any CPU
		{B4E06B2B-57DE-4A09-B0AC-104F6F256CB8}.Release|Any CPU.ActiveCfg = Release|Any CPU
		{B4E06B2B-57DE-4A09-B0AC-104F6F256CB8}.Release|Any CPU.Build.0 = Release|Any CPU
	EndGlobalSection
	GlobalSection(SolutionProperties) = preSolution
		HideSolutionNode = FALSE
	EndGlobalSection
	GlobalSection(ExtensibilityGlobals) = postSolution
		SolutionGuid = {0A5DFDFA-2EEA-4F7B-9700-5FA058E606B5}
	EndGlobalSection
EndGlobal
